
Microsoft Visual Studio Solution File, Format Version 12.00
# Visual Studio Version 17
VisualStudioVersion = 17.12.35514.174
MinimumVisualStudioVersion = 10.0.40219.1
Project("{8BC9CEB8-8B4A-11D0-8D11-00A0C91BC942}") = "freco_nkr_ix", "freco_nkr_ix.vcxproj", "{477F3C81-67C0-4E21-A62C-B69673FF8CF1}"
EndProject
Global
	GlobalSection(SolutionConfigurationPlatforms) = preSolution
		Benny|ARM = Benny|ARM
		Benny|ARM64 = Benny|ARM64
		Benny|x64 = Benny|x64
		Benny|x86 = Benny|x86
		Herbie|ARM = Herbie|ARM
		Herbie|ARM64 = Herbie|ARM64
		Herbie|x64 = Herbie|x64
		Herbie|x86 = Herbie|x86
		Honey|ARM = Honey|ARM
		Honey|ARM64 = Honey|ARM64
		Honey|x64 = Honey|x64
		Honey|x86 = Honey|x86
	EndGlobalSection
	GlobalSection(ProjectConfigurationPlatforms) = postSolution
		{477F3C81-67C0-4E21-A62C-B69673FF8CF1}.Benny|ARM.ActiveCfg = Jet|ARM
		{477F3C81-67C0-4E21-A62C-B69673FF8CF1}.Benny|ARM.Build.0 = Jet|ARM
		{477F3C81-67C0-4E21-A62C-B69673FF8CF1}.Benny|ARM.Deploy.0 = Jet|ARM
		{477F3C81-67C0-4E21-A62C-B69673FF8CF1}.Benny|ARM64.ActiveCfg = Jet|ARM64
		{477F3C81-67C0-4E21-A62C-B69673FF8CF1}.Benny|ARM64.Build.0 = Jet|ARM64
		{477F3C81-67C0-4E21-A62C-B69673FF8CF1}.Benny|ARM64.Deploy.0 = Jet|ARM64
		{477F3C81-67C0-4E21-A62C-B69673FF8CF1}.Benny|x64.ActiveCfg = Jet|x64
		{477F3C81-67C0-4E21-A62C-B69673FF8CF1}.Benny|x64.Build.0 = Jet|x64
		{477F3C81-67C0-4E21-A62C-B69673FF8CF1}.Benny|x64.Deploy.0 = Jet|x64
		{477F3C81-67C0-4E21-A62C-B69673FF8CF1}.Benny|x86.ActiveCfg = Jet|x86
		{477F3C81-67C0-4E21-A62C-B69673FF8CF1}.Benny|x86.Build.0 = Jet|x86
		{477F3C81-67C0-4E21-A62C-B69673FF8CF1}.Benny|x86.Deploy.0 = Jet|x86
		{477F3C81-67C0-4E21-A62C-B69673FF8CF1}.Herbie|ARM.ActiveCfg = Rpi|ARM
		{477F3C81-67C0-4E21-A62C-B69673FF8CF1}.Herbie|ARM.Build.0 = Rpi|ARM
		{477F3C81-67C0-4E21-A62C-B69673FF8CF1}.Herbie|ARM.Deploy.0 = Rpi|ARM
		{477F3C81-67C0-4E21-A62C-B69673FF8CF1}.Herbie|ARM64.ActiveCfg = Rpi|ARM64
		{477F3C81-67C0-4E21-A62C-B69673FF8CF1}.Herbie|ARM64.Build.0 = Rpi|ARM64
		{477F3C81-67C0-4E21-A62C-B69673FF8CF1}.Herbie|ARM64.Deploy.0 = Rpi|ARM64
		{477F3C81-67C0-4E21-A62C-B69673FF8CF1}.Herbie|x64.ActiveCfg = Rpi|x64
		{477F3C81-67C0-4E21-A62C-B69673FF8CF1}.Herbie|x64.Build.0 = Rpi|x64
		{477F3C81-67C0-4E21-A62C-B69673FF8CF1}.Herbie|x64.Deploy.0 = Rpi|x64
		{477F3C81-67C0-4E21-A62C-B69673FF8CF1}.Herbie|x86.ActiveCfg = Rpi|x86
		{477F3C81-67C0-4E21-A62C-B69673FF8CF1}.Herbie|x86.Build.0 = Rpi|x86
		{477F3C81-67C0-4E21-A62C-B69673FF8CF1}.Herbie|x86.Deploy.0 = Rpi|x86
		{477F3C81-67C0-4E21-A62C-B69673FF8CF1}.Honey|ARM.ActiveCfg = Honey|ARM
		{477F3C81-67C0-4E21-A62C-B69673FF8CF1}.Honey|ARM.Build.0 = Honey|ARM
		{477F3C81-67C0-4E21-A62C-B69673FF8CF1}.Honey|ARM.Deploy.0 = Honey|ARM
		{477F3C81-67C0-4E21-A62C-B69673FF8CF1}.Honey|ARM64.ActiveCfg = Honey|ARM64
		{477F3C81-67C0-4E21-A62C-B69673FF8CF1}.Honey|ARM64.Build.0 = Honey|ARM64
		{477F3C81-67C0-4E21-A62C-B69673FF8CF1}.Honey|ARM64.Deploy.0 = Honey|ARM64
		{477F3C81-67C0-4E21-A62C-B69673FF8CF1}.Honey|x64.ActiveCfg = Honey|x64
		{477F3C81-67C0-4E21-A62C-B69673FF8CF1}.Honey|x64.Build.0 = Honey|x64
		{477F3C81-67C0-4E21-A62C-B69673FF8CF1}.Honey|x64.Deploy.0 = Honey|x64
		{477F3C81-67C0-4E21-A62C-B69673FF8CF1}.Honey|x86.ActiveCfg = Honey|x86
		{477F3C81-67C0-4E21-A62C-B69673FF8CF1}.Honey|x86.Build.0 = Honey|x86
		{477F3C81-67C0-4E21-A62C-B69673FF8CF1}.Honey|x86.Deploy.0 = Honey|x86
	EndGlobalSection
	GlobalSection(SolutionProperties) = preSolution
		HideSolutionNode = FALSE
	EndGlobalSection
EndGlobal
