<?xml version="1.0" encoding="utf-8"?>
<Project ToolsVersion="4.0" xmlns="http://schemas.microsoft.com/developer/msbuild/2003">
  <ItemGroup>
    <Filter Include="Source Files">
      <UniqueIdentifier>{c76622d2-a3a6-4caa-8ee5-740f91a2cc10}</UniqueIdentifier>
    </Filter>
    <Filter Include="Header Files">
      <UniqueIdentifier>{bbf33f79-f94d-46c7-a5a2-3fa845b15aec}</UniqueIdentifier>
    </Filter>
    <Filter Include="Header Files\common video">
      <UniqueIdentifier>{d55657ad-4b69-43c4-8fee-7c138e9961c8}</UniqueIdentifier>
    </Filter>
    <Filter Include="Source Files\common video">
      <UniqueIdentifier>{a587335a-0ab8-4b34-b0d1-17de98f58654}</UniqueIdentifier>
    </Filter>
    <Filter Include="Header Files\common video\Data">
      <UniqueIdentifier>{18b312cf-5d36-4a2f-b5f6-4b8fe3a03130}</UniqueIdentifier>
    </Filter>
    <Filter Include="Header Files\common video\Face">
      <UniqueIdentifier>{e5bb3b4f-258e-4262-94d0-f2b1e452eee7}</UniqueIdentifier>
    </Filter>
    <Filter Include="Header Files\common video\Interface">
      <UniqueIdentifier>{b6184d02-03c8-44a5-b221-4ac2edee5c4e}</UniqueIdentifier>
    </Filter>
    <Filter Include="Header Files\common video\Processing">
      <UniqueIdentifier>{59c58ba7-111d-4a23-bdb5-468662e82538}</UniqueIdentifier>
    </Filter>
    <Filter Include="Source Files\common video\Data">
      <UniqueIdentifier>{636749b1-c49e-471a-a128-20224a965f60}</UniqueIdentifier>
    </Filter>
    <Filter Include="Source Files\common video\Interface">
      <UniqueIdentifier>{d8b4ef4b-0ce9-47a4-9941-3dead32349a7}</UniqueIdentifier>
    </Filter>
    <Filter Include="Source Files\common video\Processing">
      <UniqueIdentifier>{1eb10277-a6d9-4ae5-b68c-a6c8210e78ee}</UniqueIdentifier>
    </Filter>
    <Filter Include="Resource Files">
      <UniqueIdentifier>{4ffffd48-c774-46f2-aa80-7d423604fb07}</UniqueIdentifier>
    </Filter>
  </ItemGroup>
  <ItemGroup>
    <ClCompile Include="freco_nkr.cpp">
      <Filter>Source Files</Filter>
    </ClCompile>
    <ClCompile Include="..\..\video\common\Data\jhcImg.cpp">
      <Filter>Source Files\common video\Data</Filter>
    </ClCompile>
    <ClCompile Include="..\..\video\common\Data\jhcRoi.cpp">
      <Filter>Source Files\common video\Data</Filter>
    </ClCompile>
    <ClCompile Include="..\..\video\common\Interface\jhcMessage.cpp">
      <Filter>Source Files\common video\Interface</Filter>
    </ClCompile>
    <ClCompile Include="..\..\video\common\Interface\jprintf.cpp">
      <Filter>Source Files\common video\Interface</Filter>
    </ClCompile>
    <ClCompile Include="..\..\video\common\Processing\jhcResize.cpp">
      <Filter>Source Files\common video\Processing</Filter>
    </ClCompile>
    <ClCompile Include="..\..\video\common\jhc_conio.cpp">
      <Filter>Source Files\common video</Filter>
    </ClCompile>
  </ItemGroup>
  <ItemGroup>
    <ClInclude Include="..\..\video\common\Face\freco_nkr.h">
      <Filter>Header Files\common video\Face</Filter>
    </ClInclude>
    <ClInclude Include="..\..\video\common\Data\jhcBitMacros.h">
      <Filter>Header Files\common video\Data</Filter>
    </ClInclude>
    <ClInclude Include="..\..\video\common\Data\jhcImg.h">
      <Filter>Header Files\common video\Data</Filter>
    </ClInclude>
    <ClInclude Include="..\..\video\common\Data\jhcRoi.h">
      <Filter>Header Files\common video\Data</Filter>
    </ClInclude>
    <ClInclude Include="..\..\video\common\Interface\jhcMessage.h">
      <Filter>Header Files\common video\Interface</Filter>
    </ClInclude>
    <ClInclude Include="..\..\video\common\Interface\jprintf.h">
      <Filter>Header Files\common video\Interface</Filter>
    </ClInclude>
    <ClInclude Include="..\..\video\common\Processing\jhcResize.h">
      <Filter>Header Files\common video\Processing</Filter>
    </ClInclude>
    <ClInclude Include="..\..\video\common\jhc_conio.h">
      <Filter>Header Files\common video</Filter>
    </ClInclude>
    <ClInclude Include="..\..\video\common\jhc_str_s.h">
      <Filter>Header Files\common video</Filter>
    </ClInclude>
    <ClInclude Include="..\..\video\common\jhcGlobal.h">
      <Filter>Header Files\common video</Filter>
    </ClInclude>
    <ClInclude Include="..\..\video\common\jhc_pthread.h">
      <Filter>Header Files\common video</Filter>
    </ClInclude>
    <ClInclude Include="..\..\video\common\Interface\jms_x.h" />
  </ItemGroup>
  <ItemGroup>
    <None Include="res\freco.net.arm64">
      <Filter>Resource Files</Filter>
    </None>
    <None Include="res\freco.wts.arm64">
      <Filter>Resource Files</Filter>
    </None>
  </ItemGroup>
</Project>