<?xml version="1.0" encoding="utf-8"?>
<Project ToolsVersion="4.0" xmlns="http://schemas.microsoft.com/developer/msbuild/2003">
  <ItemGroup>
    <Filter Include="Source Files">
      <UniqueIdentifier>{d3b5fa9e-719c-4065-9e28-626549b96553}</UniqueIdentifier>
    </Filter>
    <Filter Include="Header Files">
      <UniqueIdentifier>{c9343242-7670-41bf-8c9a-d7ace1c8ba84}</UniqueIdentifier>
    </Filter>
    <Filter Include="Header Files\common video">
      <UniqueIdentifier>{fd13519c-d07a-4387-9848-430e933da678}</UniqueIdentifier>
    </Filter>
    <Filter Include="Source Files\common video">
      <UniqueIdentifier>{89b03edf-1eb1-4850-9c22-0ce3412738a3}</UniqueIdentifier>
    </Filter>
    <Filter Include="Header Files\common video\Data">
      <UniqueIdentifier>{418f0dd2-7a63-47ab-ab6a-1fd6809692c9}</UniqueIdentifier>
    </Filter>
    <Filter Include="Header Files\common video\Face">
      <UniqueIdentifier>{1769f403-88b7-430a-8980-9e7a4c4e2cd8}</UniqueIdentifier>
    </Filter>
    <Filter Include="Header Files\common video\Interface">
      <UniqueIdentifier>{1e74f27e-6878-4e7f-8253-8c4cd1852408}</UniqueIdentifier>
    </Filter>
    <Filter Include="Source Files\common video\Data">
      <UniqueIdentifier>{2f6529f2-552b-4d4b-9ffb-3636d09a2279}</UniqueIdentifier>
    </Filter>
    <Filter Include="Source Files\common video\Interface">
      <UniqueIdentifier>{8b4c770e-677c-4423-9169-3bcfb03a7626}</UniqueIdentifier>
    </Filter>
  </ItemGroup>
  <ItemGroup>
    <ClCompile Include="freco_test.cpp">
      <Filter>Source Files</Filter>
    </ClCompile>
    <ClCompile Include="..\..\video\common\Data\jhcImg.cpp">
      <Filter>Source Files\common video\Data</Filter>
    </ClCompile>
    <ClCompile Include="..\..\video\common\Data\jhcImgIO.cpp">
      <Filter>Source Files\common video\Data</Filter>
    </ClCompile>
    <ClCompile Include="..\..\video\common\Data\jhcRoi.cpp">
      <Filter>Source Files\common video\Data</Filter>
    </ClCompile>
    <ClCompile Include="..\..\video\common\Interface\jhcMessage.cpp">
      <Filter>Source Files\common video\Interface</Filter>
    </ClCompile>
    <ClCompile Include="..\..\video\common\Interface\jms_x.cpp">
      <Filter>Source Files\common video\Interface</Filter>
    </ClCompile>
    <ClCompile Include="..\..\video\common\Interface\jprintf.cpp">
      <Filter>Source Files\common video\Interface</Filter>
    </ClCompile>
    <ClCompile Include="..\..\video\common\jhc_conio.cpp">
      <Filter>Source Files\common video</Filter>
    </ClCompile>
    <ClCompile Include="..\..\video\common\Data\jhcName.cpp">
      <Filter>Source Files\common video\Data</Filter>
    </ClCompile>
  </ItemGroup>
  <ItemGroup>
    <ClInclude Include="..\..\video\common\Data\jhcBitMacros.h">
      <Filter>Header Files\common video\Data</Filter>
    </ClInclude>
    <ClInclude Include="..\..\video\common\Data\jhcImg.h">
      <Filter>Header Files\common video\Data</Filter>
    </ClInclude>
    <ClInclude Include="..\..\video\common\Data\jhcImgIO.h">
      <Filter>Header Files\common video\Data</Filter>
    </ClInclude>
    <ClInclude Include="..\..\video\common\Data\jhcRoi.h">
      <Filter>Header Files\common video\Data</Filter>
    </ClInclude>
    <ClInclude Include="..\..\video\common\Interface\jhcMessage.h">
      <Filter>Header Files\common video\Interface</Filter>
    </ClInclude>
    <ClInclude Include="..\..\video\common\Interface\jms_x.h">
      <Filter>Header Files\common video\Interface</Filter>
    </ClInclude>
    <ClInclude Include="..\..\video\common\Interface\jprintf.h">
      <Filter>Header Files\common video\Interface</Filter>
    </ClInclude>
    <ClInclude Include="..\..\video\common\jhc_conio.h">
      <Filter>Header Files\common video</Filter>
    </ClInclude>
    <ClInclude Include="..\..\video\common\jhc_str_s.h">
      <Filter>Header Files\common video</Filter>
    </ClInclude>
    <ClInclude Include="..\..\video\common\jhcGlobal.h">
      <Filter>Header Files\common video</Filter>
    </ClInclude>
    <ClInclude Include="..\..\video\common\Face\freco_nkr.h">
      <Filter>Header Files\common video\Face</Filter>
    </ClInclude>
    <ClInclude Include="..\..\video\common\Data\jhcName.h">
      <Filter>Header Files\common video\Data</Filter>
    </ClInclude>
  </ItemGroup>
</Project>