<?xml version="1.0" encoding="utf-8"?>
<Project ToolsVersion="4.0" xmlns="http://schemas.microsoft.com/developer/msbuild/2003">
  <ItemGroup>
    <Filter Include="Source Files">
      <UniqueIdentifier>{4FC737F1-C7A5-4376-A066-2A32D752A2FF}</UniqueIdentifier>
      <Extensions>cpp;c;cc;cxx;c++;cppm;ixx;def;odl;idl;hpj;bat;asm;asmx</Extensions>
    </Filter>
    <Filter Include="Header Files">
      <UniqueIdentifier>{93995380-89BD-4b04-88EB-625FBE52EBFB}</UniqueIdentifier>
      <Extensions>h;hh;hpp;hxx;h++;hm;inl;inc;ipp;xsd</Extensions>
    </Filter>
    <Filter Include="Resource Files">
      <UniqueIdentifier>{67DA6AB6-F800-4c08-8B7A-83BB121AAD01}</UniqueIdentifier>
      <Extensions>rc;ico;cur;bmp;dlg;rc2;rct;bin;rgs;gif;jpg;jpeg;jpe;resx;tiff;tif;png;wav;mfcribbon-ms</Extensions>
    </Filter>
    <Filter Include="Header Files\common audio">
      <UniqueIdentifier>{124982e0-9241-4d68-860e-fe1e97d68d1c}</UniqueIdentifier>
    </Filter>
    <Filter Include="Header Files\common robot">
      <UniqueIdentifier>{739d6b48-a5c5-4533-8737-cc63a43e5a55}</UniqueIdentifier>
    </Filter>
    <Filter Include="Header Files\common video">
      <UniqueIdentifier>{2506d5d6-4388-406b-af6f-13032eafeff8}</UniqueIdentifier>
    </Filter>
    <Filter Include="Source Files\common audio">
      <UniqueIdentifier>{4378207b-ee9d-447d-a0f9-d08b0f02f0cf}</UniqueIdentifier>
    </Filter>
    <Filter Include="Source Files\common robot">
      <UniqueIdentifier>{c3bc7587-86b8-4e1e-a629-a9573ee8823d}</UniqueIdentifier>
    </Filter>
    <Filter Include="Source Files\common video">
      <UniqueIdentifier>{4f02af69-e6c7-4450-973e-9f65b6c6dceb}</UniqueIdentifier>
    </Filter>
    <Filter Include="Header Files\common audio\Acoustic">
      <UniqueIdentifier>{f57294a3-85fc-404e-80af-8864be2a11b8}</UniqueIdentifier>
    </Filter>
    <Filter Include="Header Files\common audio\API">
      <UniqueIdentifier>{82712d63-c0f8-4ff3-9b7d-56d6dca659ce}</UniqueIdentifier>
    </Filter>
    <Filter Include="Header Files\common audio\Language">
      <UniqueIdentifier>{f6331fb0-f1cc-43b5-a9ec-fb1133bd2349}</UniqueIdentifier>
    </Filter>
    <Filter Include="Header Files\common audio\Parse">
      <UniqueIdentifier>{ca465ea7-a65f-4b23-a094-317325f2c27b}</UniqueIdentifier>
    </Filter>
    <Filter Include="Header Files\common audio\Reasoning">
      <UniqueIdentifier>{d4b68941-d701-46d0-a3c4-ea3d5af052cc}</UniqueIdentifier>
    </Filter>
    <Filter Include="Header Files\common audio\Semantic">
      <UniqueIdentifier>{c43a9f15-77e4-48b7-978a-6fb5d601dcb5}</UniqueIdentifier>
    </Filter>
    <Filter Include="Source Files\common audio\Acoustic">
      <UniqueIdentifier>{77ed3467-9e1c-4bb7-821e-194fa89607eb}</UniqueIdentifier>
    </Filter>
    <Filter Include="Source Files\common audio\Language">
      <UniqueIdentifier>{95f18753-026a-4dca-a1fd-5320753c7e0b}</UniqueIdentifier>
    </Filter>
    <Filter Include="Source Files\common audio\Parse">
      <UniqueIdentifier>{b0cd9138-3a3d-4640-b5f5-ff5b370d2c23}</UniqueIdentifier>
    </Filter>
    <Filter Include="Source Files\common audio\Reasoning">
      <UniqueIdentifier>{e6a3c0db-1599-415f-a7e0-f72b12efa1a4}</UniqueIdentifier>
    </Filter>
    <Filter Include="Source Files\common audio\Semantic">
      <UniqueIdentifier>{d1f01cc0-f900-4788-8b79-0d50dfba0340}</UniqueIdentifier>
    </Filter>
    <Filter Include="Header Files\common robot\Action">
      <UniqueIdentifier>{efed653a-4110-4588-9e07-011e183dc8f1}</UniqueIdentifier>
    </Filter>
    <Filter Include="Header Files\common robot\Kernel">
      <UniqueIdentifier>{fc45ee70-3e12-41f8-9481-6293db5fdc3b}</UniqueIdentifier>
    </Filter>
    <Filter Include="Source Files\common robot\Action">
      <UniqueIdentifier>{c3c89bca-bdf0-461f-8d4f-2c8205823971}</UniqueIdentifier>
    </Filter>
    <Filter Include="Source Files\common robot\Kernel">
      <UniqueIdentifier>{8bec3b90-1239-4cce-9d9e-f02aca32683d}</UniqueIdentifier>
    </Filter>
    <Filter Include="Header Files\common video\Data">
      <UniqueIdentifier>{3284219f-04ed-4f0d-bb9c-5bb7d5f78f0f}</UniqueIdentifier>
    </Filter>
    <Filter Include="Header Files\common video\Interface">
      <UniqueIdentifier>{f161b69a-0da0-4b72-8416-1f9f37dd6456}</UniqueIdentifier>
    </Filter>
    <Filter Include="Source Files\common video\Data">
      <UniqueIdentifier>{7db93963-c8dd-4b55-8c18-8c28bc1eb895}</UniqueIdentifier>
    </Filter>
    <Filter Include="Source Files\common video\Interface">
      <UniqueIdentifier>{4a9cbdef-6630-4e2d-83b5-ba895fdff0e2}</UniqueIdentifier>
    </Filter>
  </ItemGroup>
  <ItemGroup>
    <ClCompile Include="alia_sp.cpp">
      <Filter>Source Files</Filter>
    </ClCompile>
    <ClCompile Include="..\..\audio\common\Acoustic\jhcAliaSpeech.cpp">
      <Filter>Source Files\common audio\Acoustic</Filter>
    </ClCompile>
    <ClCompile Include="..\..\audio\common\Language\jhcDegrapher.cpp">
      <Filter>Source Files\common audio\Language</Filter>
    </ClCompile>
    <ClCompile Include="..\..\audio\common\Language\jhcGraphizer.cpp">
      <Filter>Source Files\common audio\Language</Filter>
    </ClCompile>
    <ClCompile Include="..\..\audio\common\Language\jhcMorphFcns.cpp">
      <Filter>Source Files\common audio\Language</Filter>
    </ClCompile>
    <ClCompile Include="..\..\audio\common\Language\jhcNetBuild.cpp">
      <Filter>Source Files\common audio\Language</Filter>
    </ClCompile>
    <ClCompile Include="..\..\audio\common\Language\jhcNetRef.cpp">
      <Filter>Source Files\common audio\Language</Filter>
    </ClCompile>
    <ClCompile Include="..\..\audio\common\Parse\jhcGenParse.cpp">
      <Filter>Source Files\common audio\Parse</Filter>
    </ClCompile>
    <ClCompile Include="..\..\audio\common\Parse\jhcGramExec.cpp">
      <Filter>Source Files\common audio\Parse</Filter>
    </ClCompile>
    <ClCompile Include="..\..\audio\common\Parse\jhcGramRule.cpp">
      <Filter>Source Files\common audio\Parse</Filter>
    </ClCompile>
    <ClCompile Include="..\..\audio\common\Parse\jhcSlotVal.cpp">
      <Filter>Source Files\common audio\Parse</Filter>
    </ClCompile>
    <ClCompile Include="..\..\audio\common\Parse\jhcTxtLine.cpp">
      <Filter>Source Files\common audio\Parse</Filter>
    </ClCompile>
    <ClCompile Include="..\..\audio\common\Parse\jhcTxtSrc.cpp">
      <Filter>Source Files\common audio\Parse</Filter>
    </ClCompile>
    <ClCompile Include="..\..\audio\common\Parse\jhcVocab.cpp">
      <Filter>Source Files\common audio\Parse</Filter>
    </ClCompile>
    <ClCompile Include="..\..\audio\common\Reasoning\jhcActionTree.cpp">
      <Filter>Source Files\common audio\Reasoning</Filter>
    </ClCompile>
    <ClCompile Include="..\..\audio\common\Reasoning\jhcAliaOp.cpp">
      <Filter>Source Files\common audio\Reasoning</Filter>
    </ClCompile>
    <ClCompile Include="..\..\audio\common\Reasoning\jhcAliaRule.cpp">
      <Filter>Source Files\common audio\Reasoning</Filter>
    </ClCompile>
    <ClCompile Include="..\..\audio\common\Reasoning\jhcAssocMem.cpp">
      <Filter>Source Files\common audio\Reasoning</Filter>
    </ClCompile>
    <ClCompile Include="..\..\audio\common\Reasoning\jhcDeclMem.cpp">
      <Filter>Source Files\common audio\Reasoning</Filter>
    </ClCompile>
    <ClCompile Include="..\..\audio\common\Reasoning\jhcProcMem.cpp">
      <Filter>Source Files\common audio\Reasoning</Filter>
    </ClCompile>
    <ClCompile Include="..\..\audio\common\Reasoning\jhcWorkMem.cpp">
      <Filter>Source Files\common audio\Reasoning</Filter>
    </ClCompile>
    <ClCompile Include="..\..\audio\common\Semantic\jhcBindings.cpp">
      <Filter>Source Files\common audio\Semantic</Filter>
    </ClCompile>
    <ClCompile Include="..\..\audio\common\Semantic\jhcGraphlet.cpp">
      <Filter>Source Files\common audio\Semantic</Filter>
    </ClCompile>
    <ClCompile Include="..\..\audio\common\Semantic\jhcNetNode.cpp">
      <Filter>Source Files\common audio\Semantic</Filter>
    </ClCompile>
    <ClCompile Include="..\..\audio\common\Semantic\jhcNodePool.cpp">
      <Filter>Source Files\common audio\Semantic</Filter>
    </ClCompile>
    <ClCompile Include="..\..\audio\common\Semantic\jhcSituation.cpp">
      <Filter>Source Files\common audio\Semantic</Filter>
    </ClCompile>
    <ClCompile Include="..\..\robot\common\Action\jhcAliaChain.cpp">
      <Filter>Source Files\common robot\Action</Filter>
    </ClCompile>
    <ClCompile Include="..\..\robot\common\Action\jhcAliaCore.cpp">
      <Filter>Source Files\common robot\Action</Filter>
    </ClCompile>
    <ClCompile Include="..\..\robot\common\Action\jhcAliaDir.cpp">
      <Filter>Source Files\common robot\Action</Filter>
    </ClCompile>
    <ClCompile Include="..\..\robot\common\Action\jhcAliaDLL.cpp">
      <Filter>Source Files\common robot\Action</Filter>
    </ClCompile>
    <ClCompile Include="..\..\robot\common\Action\jhcAliaMood.cpp">
      <Filter>Source Files\common robot\Action</Filter>
    </ClCompile>
    <ClCompile Include="..\..\robot\common\Action\jhcAliaPlay.cpp">
      <Filter>Source Files\common robot\Action</Filter>
    </ClCompile>
    <ClCompile Include="..\..\robot\common\Action\jhcAliaStats.cpp">
      <Filter>Source Files\common robot\Action</Filter>
    </ClCompile>
    <ClCompile Include="..\..\robot\common\Action\jhcEchoFcn.cpp">
      <Filter>Source Files\common robot\Action</Filter>
    </ClCompile>
    <ClCompile Include="..\..\robot\common\Kernel\jhcAliaKudos.cpp">
      <Filter>Source Files\common robot\Kernel</Filter>
    </ClCompile>
    <ClCompile Include="..\..\robot\common\Kernel\jhcAliaTimer.cpp">
      <Filter>Source Files\common robot\Kernel</Filter>
    </ClCompile>
    <ClCompile Include="..\..\robot\common\Kernel\jhcIntrospect.cpp">
      <Filter>Source Files\common robot\Kernel</Filter>
    </ClCompile>
    <ClCompile Include="..\..\robot\common\Kernel\jhcMemStore.cpp">
      <Filter>Source Files\common robot\Kernel</Filter>
    </ClCompile>
    <ClCompile Include="..\..\robot\common\Kernel\jhcStdKern.cpp">
      <Filter>Source Files\common robot\Kernel</Filter>
    </ClCompile>
    <ClCompile Include="..\..\robot\common\Kernel\jhcTalkFcn.cpp">
      <Filter>Source Files\common robot\Kernel</Filter>
    </ClCompile>
    <ClCompile Include="..\..\video\common\Data\jhcArr.cpp">
      <Filter>Source Files\common video\Data</Filter>
    </ClCompile>
    <ClCompile Include="..\..\video\common\Data\jhcParam.cpp">
      <Filter>Source Files\common video\Data</Filter>
    </ClCompile>
    <ClCompile Include="..\..\video\common\Interface\jhcMessage.cpp">
      <Filter>Source Files\common video\Interface</Filter>
    </ClCompile>
    <ClCompile Include="..\..\video\common\Interface\jhcString.cpp">
      <Filter>Source Files\common video\Interface</Filter>
    </ClCompile>
    <ClCompile Include="..\..\video\common\Interface\jms_x.cpp">
      <Filter>Source Files\common video\Interface</Filter>
    </ClCompile>
    <ClCompile Include="..\..\video\common\Interface\jprintf.cpp">
      <Filter>Source Files\common video\Interface</Filter>
    </ClCompile>
    <ClCompile Include="..\..\video\common\Interface\jrand.cpp">
      <Filter>Source Files\common video\Interface</Filter>
    </ClCompile>
    <ClCompile Include="..\..\video\common\Interface\jtimer.cpp">
      <Filter>Source Files\common video\Interface</Filter>
    </ClCompile>
    <ClCompile Include="..\..\audio\common\Acoustic\jhcSpeechWeb.cpp">
      <Filter>Source Files\common audio\Acoustic</Filter>
    </ClCompile>
    <ClCompile Include="..\..\audio\common\Acoustic\jhcSpeechX.cpp">
      <Filter>Source Files\common audio\Acoustic</Filter>
    </ClCompile>
    <ClCompile Include="..\..\audio\common\Semantic\jhcTxtAssoc.cpp">
      <Filter>Source Files\common audio\Semantic</Filter>
    </ClCompile>
    <ClCompile Include="..\..\audio\common\Acoustic\jhcSpRecoMS.cpp">
      <Filter>Source Files\common audio\Acoustic</Filter>
    </ClCompile>
    <ClCompile Include="..\..\audio\common\Acoustic\jhcSpTextMS.cpp">
      <Filter>Source Files\common audio\Acoustic</Filter>
    </ClCompile>
  </ItemGroup>
  <ItemGroup>
    <ClInclude Include="..\..\audio\common\API\alia_sp.h">
      <Filter>Header Files</Filter>
    </ClInclude>
    <ClInclude Include="resource.h">
      <Filter>Header Files</Filter>
    </ClInclude>
    <ClInclude Include="..\..\audio\common\Acoustic\jhcAliaSpeech.h">
      <Filter>Header Files\common audio\Acoustic</Filter>
    </ClInclude>
    <ClInclude Include="..\..\audio\common\Acoustic\jhcGenIO.h">
      <Filter>Header Files\common audio\Acoustic</Filter>
    </ClInclude>
    <ClInclude Include="..\..\audio\common\API\jhcAliaDesc.h">
      <Filter>Header Files\common audio\API</Filter>
    </ClInclude>
    <ClInclude Include="..\..\audio\common\API\jhcAliaKernel.h">
      <Filter>Header Files\common audio\API</Filter>
    </ClInclude>
    <ClInclude Include="..\..\audio\common\API\jhcAliaNote.h">
      <Filter>Header Files\common audio\API</Filter>
    </ClInclude>
    <ClInclude Include="..\..\audio\common\Language\jhcDegrapher.h">
      <Filter>Header Files\common audio\Language</Filter>
    </ClInclude>
    <ClInclude Include="..\..\audio\common\Language\jhcGraphizer.h">
      <Filter>Header Files\common audio\Language</Filter>
    </ClInclude>
    <ClInclude Include="..\..\audio\common\Language\jhcMorphFcns.h">
      <Filter>Header Files\common audio\Language</Filter>
    </ClInclude>
    <ClInclude Include="..\..\audio\common\Language\jhcMorphTags.h">
      <Filter>Header Files\common audio\Language</Filter>
    </ClInclude>
    <ClInclude Include="..\..\audio\common\Language\jhcNetBuild.h">
      <Filter>Header Files\common audio\Language</Filter>
    </ClInclude>
    <ClInclude Include="..\..\audio\common\Language\jhcNetRef.h">
      <Filter>Header Files\common audio\Language</Filter>
    </ClInclude>
    <ClInclude Include="..\..\audio\common\Parse\jhcGenParse.h">
      <Filter>Header Files\common audio\Parse</Filter>
    </ClInclude>
    <ClInclude Include="..\..\audio\common\Parse\jhcGramExec.h">
      <Filter>Header Files\common audio\Parse</Filter>
    </ClInclude>
    <ClInclude Include="..\..\audio\common\Parse\jhcGramRule.h">
      <Filter>Header Files\common audio\Parse</Filter>
    </ClInclude>
    <ClInclude Include="..\..\audio\common\Parse\jhcGramStep.h">
      <Filter>Header Files\common audio\Parse</Filter>
    </ClInclude>
    <ClInclude Include="..\..\audio\common\Parse\jhcSlotVal.h">
      <Filter>Header Files\common audio\Parse</Filter>
    </ClInclude>
    <ClInclude Include="..\..\audio\common\Parse\jhcTxtLine.h">
      <Filter>Header Files\common audio\Parse</Filter>
    </ClInclude>
    <ClInclude Include="..\..\audio\common\Parse\jhcTxtSrc.h">
      <Filter>Header Files\common audio\Parse</Filter>
    </ClInclude>
    <ClInclude Include="..\..\audio\common\Parse\jhcVocab.h">
      <Filter>Header Files\common audio\Parse</Filter>
    </ClInclude>
    <ClInclude Include="..\..\audio\common\Reasoning\jhcActionTree.h">
      <Filter>Header Files\common audio\Reasoning</Filter>
    </ClInclude>
    <ClInclude Include="..\..\audio\common\Reasoning\jhcAliaOp.h">
      <Filter>Header Files\common audio\Reasoning</Filter>
    </ClInclude>
    <ClInclude Include="..\..\audio\common\Reasoning\jhcAliaRule.h">
      <Filter>Header Files\common audio\Reasoning</Filter>
    </ClInclude>
    <ClInclude Include="..\..\audio\common\Reasoning\jhcAssocMem.h">
      <Filter>Header Files\common audio\Reasoning</Filter>
    </ClInclude>
    <ClInclude Include="..\..\audio\common\Reasoning\jhcDeclMem.h">
      <Filter>Header Files\common audio\Reasoning</Filter>
    </ClInclude>
    <ClInclude Include="..\..\audio\common\Reasoning\jhcProcMem.h">
      <Filter>Header Files\common audio\Reasoning</Filter>
    </ClInclude>
    <ClInclude Include="..\..\audio\common\Reasoning\jhcWorkMem.h">
      <Filter>Header Files\common audio\Reasoning</Filter>
    </ClInclude>
    <ClInclude Include="..\..\audio\common\Semantic\jhcBindings.h">
      <Filter>Header Files\common audio\Semantic</Filter>
    </ClInclude>
    <ClInclude Include="..\..\audio\common\Semantic\jhcGraphlet.h">
      <Filter>Header Files\common audio\Semantic</Filter>
    </ClInclude>
    <ClInclude Include="..\..\audio\common\Semantic\jhcNetNode.h">
      <Filter>Header Files\common audio\Semantic</Filter>
    </ClInclude>
    <ClInclude Include="..\..\audio\common\Semantic\jhcNodeList.h">
      <Filter>Header Files\common audio\Semantic</Filter>
    </ClInclude>
    <ClInclude Include="..\..\audio\common\Semantic\jhcNodePool.h">
      <Filter>Header Files\common audio\Semantic</Filter>
    </ClInclude>
    <ClInclude Include="..\..\audio\common\Semantic\jhcSituation.h">
      <Filter>Header Files\common audio\Semantic</Filter>
    </ClInclude>
    <ClInclude Include="..\..\robot\common\Action\jhcAliaChain.h">
      <Filter>Header Files\common robot\Action</Filter>
    </ClInclude>
    <ClInclude Include="..\..\robot\common\Action\jhcAliaCore.h">
      <Filter>Header Files\common robot\Action</Filter>
    </ClInclude>
    <ClInclude Include="..\..\robot\common\Action\jhcAliaDir.h">
      <Filter>Header Files\common robot\Action</Filter>
    </ClInclude>
    <ClInclude Include="..\..\robot\common\Action\jhcAliaDLL.h">
      <Filter>Header Files\common robot\Action</Filter>
    </ClInclude>
    <ClInclude Include="..\..\robot\common\Action\jhcAliaMood.h">
      <Filter>Header Files\common robot\Action</Filter>
    </ClInclude>
    <ClInclude Include="..\..\robot\common\Action\jhcAliaPlay.h">
      <Filter>Header Files\common robot\Action</Filter>
    </ClInclude>
    <ClInclude Include="..\..\robot\common\Action\jhcAliaStats.h">
      <Filter>Header Files\common robot\Action</Filter>
    </ClInclude>
    <ClInclude Include="..\..\robot\common\Action\jhcEchoFcn.h">
      <Filter>Header Files\common robot\Action</Filter>
    </ClInclude>
    <ClInclude Include="..\..\robot\common\Kernel\jhcAliaKudos.h">
      <Filter>Header Files\common robot\Kernel</Filter>
    </ClInclude>
    <ClInclude Include="..\..\robot\common\Kernel\jhcAliaTimer.h">
      <Filter>Header Files\common robot\Kernel</Filter>
    </ClInclude>
    <ClInclude Include="..\..\robot\common\Kernel\jhcIntrospect.h">
      <Filter>Header Files\common robot\Kernel</Filter>
    </ClInclude>
    <ClInclude Include="..\..\robot\common\Kernel\jhcMemStore.h">
      <Filter>Header Files\common robot\Kernel</Filter>
    </ClInclude>
    <ClInclude Include="..\..\robot\common\Kernel\jhcStdKern.h">
      <Filter>Header Files\common robot\Kernel</Filter>
    </ClInclude>
    <ClInclude Include="..\..\robot\common\Kernel\jhcTalkFcn.h">
      <Filter>Header Files\common robot\Kernel</Filter>
    </ClInclude>
    <ClInclude Include="..\..\video\common\Data\jhcArr.h">
      <Filter>Header Files\common video\Data</Filter>
    </ClInclude>
    <ClInclude Include="..\..\video\common\Data\jhcParam.h">
      <Filter>Header Files\common video\Data</Filter>
    </ClInclude>
    <ClInclude Include="..\..\video\common\Interface\jhcMessage.h">
      <Filter>Header Files\common video\Interface</Filter>
    </ClInclude>
    <ClInclude Include="..\..\video\common\Interface\jhcString.h">
      <Filter>Header Files\common video\Interface</Filter>
    </ClInclude>
    <ClInclude Include="..\..\video\common\Interface\jms_x.h">
      <Filter>Header Files\common video\Interface</Filter>
    </ClInclude>
    <ClInclude Include="..\..\video\common\Interface\jprintf.h">
      <Filter>Header Files\common video\Interface</Filter>
    </ClInclude>
    <ClInclude Include="..\..\video\common\Interface\jrand.h">
      <Filter>Header Files\common video\Interface</Filter>
    </ClInclude>
    <ClInclude Include="..\..\video\common\Interface\jtimer.h">
      <Filter>Header Files\common video\Interface</Filter>
    </ClInclude>
    <ClInclude Include="..\..\video\common\jhcGlobal.h">
      <Filter>Header Files\common video</Filter>
    </ClInclude>
    <ClInclude Include="..\..\audio\common\Acoustic\jhcSpeechWeb.h">
      <Filter>Header Files\common audio\Acoustic</Filter>
    </ClInclude>
    <ClInclude Include="..\..\audio\common\Acoustic\jhcSpeechX.h">
      <Filter>Header Files\common audio\Acoustic</Filter>
    </ClInclude>
    <ClInclude Include="..\..\audio\common\Semantic\jhcTxtAssoc.h">
      <Filter>Header Files\common audio\Semantic</Filter>
    </ClInclude>
    <ClInclude Include="..\..\audio\common\Acoustic\jhcSpRecoMS.h">
      <Filter>Header Files\common audio\Acoustic</Filter>
    </ClInclude>
    <ClInclude Include="..\..\audio\common\Acoustic\jhcSpTextMS.h">
      <Filter>Header Files\common audio\Acoustic</Filter>
    </ClInclude>
    <ClInclude Include="..\..\audio\common\Semantic\jhcTxtList.h">
      <Filter>Header Files\common audio\Semantic</Filter>
    </ClInclude>
  </ItemGroup>
  <ItemGroup>
    <ResourceCompile Include="alia_sp.rc">
      <Filter>Resource Files</Filter>
    </ResourceCompile>
  </ItemGroup>
  <ItemGroup>
    <None Include="sp_extras.zip" />
  </ItemGroup>
</Project>